
Microsoft Visual Studio Solution File, Format Version 12.00
# Visual Studio Version 17
VisualStudioVersion = 17.4.33110.190
MinimumVisualStudioVersion = 10.0.40219.1
Project("{FAE04EC0-301F-11D3-BF4B-00C04F79EFBC}") = "VKR_Schedule", "VKR_Schedule\VKR_Schedule.csproj", "{1BBEC04B-5DB6-445E-9915-C07EA6E7547C}"
EndProject
Global
	GlobalSection(SolutionConfigurationPlatforms) = preSolution
		Debug|Any CPU = Debug|Any CPU
		Release|Any CPU = Release|Any CPU
	EndGlobalSection
	GlobalSection(ProjectConfigurationPlatforms) = postSolution
		{1BBEC04B-5DB6-445E-9915-C07EA6E7547C}.Debug|Any CPU.ActiveCfg = Debug|Any CPU
		{1BBEC04B-5DB6-445E-9915-C07EA6E7547C}.Debug|Any CPU.Build.0 = Debug|Any CPU
		{1BBEC04B-5DB6-445E-9915-C07EA6E7547C}.Release|Any CPU.ActiveCfg = Release|Any CPU
		{1BBEC04B-5DB6-445E-9915-C07EA6E7547C}.Release|Any CPU.Build.0 = Release|Any CPU
	EndGlobalSection
	GlobalSection(SolutionProperties) = preSolution
		HideSolutionNode = FALSE
	EndGlobalSection
	GlobalSection(ExtensibilityGlobals) = postSolution
		SolutionGuid = {1CC376DE-D2CA-401B-A235-D00D98EE02E1}
	EndGlobalSection
EndGlobal
